
Microsoft Visual Studio Solution File, Format Version 12.00
# Visual Studio Version 16
VisualStudioVersion = 16.0.810.16
MinimumVisualStudioVersion = 10.0.40219.1
Project("{FAE04EC0-301F-11D3-BF4B-00C04F79EFBC}") = "review_C_Sharp_1", "review_C_Sharp_1\review_C_Sharp_1.csproj", "{4E61FBD3-8546-4145-A6E2-BE6AF0E1830F}"
EndProject
Global
	GlobalSection(SolutionConfigurationPlatforms) = preSolution
		Debug|Any CPU = Debug|Any CPU
		Release|Any CPU = Release|Any CPU
	EndGlobalSection
	GlobalSection(ProjectConfigurationPlatforms) = postSolution
		{4E61FBD3-8546-4145-A6E2-BE6AF0E1830F}.Debug|Any CPU.ActiveCfg = Debug|Any CPU
		{4E61FBD3-8546-4145-A6E2-BE6AF0E1830F}.Debug|Any CPU.Build.0 = Debug|Any CPU
		{4E61FBD3-8546-4145-A6E2-BE6AF0E1830F}.Release|Any CPU.ActiveCfg = Release|Any CPU
		{4E61FBD3-8546-4145-A6E2-BE6AF0E1830F}.Release|Any CPU.Build.0 = Release|Any CPU
	EndGlobalSection
	GlobalSection(SolutionProperties) = preSolution
		HideSolutionNode = FALSE
	EndGlobalSection
	GlobalSection(ExtensibilityGlobals) = postSolution
		SolutionGuid = {DAAB5BC4-2E15-4728-BF40-B4C278E7056E}
	EndGlobalSection
EndGlobal
